
Microsoft Visual Studio Solution File, Format Version 10.00
# Visual Studio 2008
Project("{8BC9CEB8-8B4A-11D0-8D11-00A0C91BC942}") = "npfile", "npfile\npfile.vcproj", "{37E3B239-6949-41E1-9690-57C9241F14A4}"
EndProject
Global
	GlobalSection(SolutionConfigurationPlatforms) = preSolution
		Debug|Win32 = Debug|Win32
		Release|Win32 = Release|Win32
	EndGlobalSection
	GlobalSection(ProjectConfigurationPlatforms) = postSolution
		{37E3B239-6949-41E1-9690-57C9241F14A4}.Debug|Win32.ActiveCfg = Debug|Win32
		{37E3B239-6949-41E1-9690-57C9241F14A4}.Debug|Win32.Build.0 = Debug|Win32
		{37E3B239-6949-41E1-9690-57C9241F14A4}.Release|Win32.ActiveCfg = Release|Win32
		{37E3B239-6949-41E1-9690-57C9241F14A4}.Release|Win32.Build.0 = Release|Win32
	EndGlobalSection
	GlobalSection(SolutionProperties) = preSolution
		HideSolutionNode = FALSE
	EndGlobalSection
EndGlobal
